
Microsoft Visual Studio Solution File, Format Version 12.00
# Visual Studio Version 16
VisualStudioVersion = 16.0.31702.278
MinimumVisualStudioVersion = 10.0.40219.1
Project("{FAE04EC0-301F-11D3-BF4B-00C04F79EFBC}") = "Calculadora", "Calculadora\Calculadora.csproj", "{A6CBC19E-233D-4999-85DF-85EE2560C2FD}"
EndProject
Global
	GlobalSection(SolutionConfigurationPlatforms) = preSolution
		Debug|Any CPU = Debug|Any CPU
		Release|Any CPU = Release|Any CPU
	EndGlobalSection
	GlobalSection(ProjectConfigurationPlatforms) = postSolution
		{A6CBC19E-233D-4999-85DF-85EE2560C2FD}.Debug|Any CPU.ActiveCfg = Debug|Any CPU
		{A6CBC19E-233D-4999-85DF-85EE2560C2FD}.Debug|Any CPU.Build.0 = Debug|Any CPU
		{A6CBC19E-233D-4999-85DF-85EE2560C2FD}.Release|Any CPU.ActiveCfg = Release|Any CPU
		{A6CBC19E-233D-4999-85DF-85EE2560C2FD}.Release|Any CPU.Build.0 = Release|Any CPU
	EndGlobalSection
	GlobalSection(SolutionProperties) = preSolution
		HideSolutionNode = FALSE
	EndGlobalSection
	GlobalSection(ExtensibilityGlobals) = postSolution
		SolutionGuid = {7D4D75B6-B836-47BB-B77E-AFE67D3EAD71}
	EndGlobalSection
EndGlobal
